
Microsoft Visual Studio Solution File, Format Version 12.00
# Visual Studio Version 17
VisualStudioVersion = 17.7.34221.43
MinimumVisualStudioVersion = 10.0.40219.1
Project("{FAE04EC0-301F-11D3-BF4B-00C04F79EFBC}") = "EmpleadosAdmin", "EmpleadosAdmin\EmpleadosAdmin.csproj", "{92B8A994-640D-45FA-97E6-85DAB81B0E9A}"
EndProject
Global
	GlobalSection(SolutionConfigurationPlatforms) = preSolution
		Debug|Any CPU = Debug|Any CPU
		Release|Any CPU = Release|Any CPU
	EndGlobalSection
	GlobalSection(ProjectConfigurationPlatforms) = postSolution
		{92B8A994-640D-45FA-97E6-85DAB81B0E9A}.Debug|Any CPU.ActiveCfg = Debug|Any CPU
		{92B8A994-640D-45FA-97E6-85DAB81B0E9A}.Debug|Any CPU.Build.0 = Debug|Any CPU
		{92B8A994-640D-45FA-97E6-85DAB81B0E9A}.Release|Any CPU.ActiveCfg = Release|Any CPU
		{92B8A994-640D-45FA-97E6-85DAB81B0E9A}.Release|Any CPU.Build.0 = Release|Any CPU
	EndGlobalSection
	GlobalSection(SolutionProperties) = preSolution
		HideSolutionNode = FALSE
	EndGlobalSection
	GlobalSection(ExtensibilityGlobals) = postSolution
		SolutionGuid = {84A767A4-832C-4083-9F55-D8D37E8DF91A}
	EndGlobalSection
EndGlobal
